// !$*UTF8*$!
{
	archiveVersion = 1;
	classes = {
	};
	objectVersion = 46;
	objects = {

/* Begin PBXBuildFile section */
		6267C6E1CFB54A4FBD10CBF0 /* libPods.a in Frameworks */ = {isa = PBXBuildFile; fileRef = 5FEAF84A2F544C328991B4A6 /* libPods.a */; };
		9F3707D41943E5A8003BFF35 /* Foundation.framework in Frameworks */ = {isa = PBXBuildFile; fileRef = 9F3707D31943E5A8003BFF35 /* Foundation.framework */; };
		9F3707D61943E5A8003BFF35 /* CoreGraphics.framework in Frameworks */ = {isa = PBXBuildFile; fileRef = 9F3707D51943E5A8003BFF35 /* CoreGraphics.framework */; };
		9F3707D81943E5A8003BFF35 /* UIKit.framework in Frameworks */ = {isa = PBXBuildFile; fileRef = 9F3707D71943E5A8003BFF35 /* UIKit.framework */; };
		9F3707DE1943E5A8003BFF35 /* InfoPlist.strings in Resources */ = {isa = PBXBuildFile; fileRef = 9F3707DC1943E5A8003BFF35 /* InfoPlist.strings */; };
		9F3707E01943E5A8003BFF35 /* main.m in Sources */ = {isa = PBXBuildFile; fileRef = 9F3707DF1943E5A8003BFF35 /* main.m */; };
		9F3707E41943E5A8003BFF35 /* AppDelegate.m in Sources */ = {isa = PBXBuildFile; fileRef = 9F3707E31943E5A8003BFF35 /* AppDelegate.m */; };
		9F3707E61943E5A8003BFF35 /* Images.xcassets in Resources */ = {isa = PBXBuildFile; fileRef = 9F3707E51943E5A8003BFF35 /* Images.xcassets */; };
		9F3707ED1943E5A8003BFF35 /* XCTest.framework in Frameworks */ = {isa = PBXBuildFile; fileRef = 9F3707EC1943E5A8003BFF35 /* XCTest.framework */; };
		9F3707EE1943E5A8003BFF35 /* Foundation.framework in Frameworks */ = {isa = PBXBuildFile; fileRef = 9F3707D31943E5A8003BFF35 /* Foundation.framework */; };
		9F3707EF1943E5A8003BFF35 /* UIKit.framework in Frameworks */ = {isa = PBXBuildFile; fileRef = 9F3707D71943E5A8003BFF35 /* UIKit.framework */; };
		9F3707F71943E5A8003BFF35 /* InfoPlist.strings in Resources */ = {isa = PBXBuildFile; fileRef = 9F3707F51943E5A8003BFF35 /* InfoPlist.strings */; };
		9F3707F91943E5A8003BFF35 /* RottenTomatoesTests.m in Sources */ = {isa = PBXBuildFile; fileRef = 9F3707F81943E5A8003BFF35 /* RottenTomatoesTests.m */; };
		9F3708101943F8C9003BFF35 /* MovieViewController.m in Sources */ = {isa = PBXBuildFile; fileRef = 9F37080E1943F8C9003BFF35 /* MovieViewController.m */; };
		9F3708111943F8C9003BFF35 /* MovieViewController.xib in Resources */ = {isa = PBXBuildFile; fileRef = 9F37080F1943F8C9003BFF35 /* MovieViewController.xib */; };
		9F37081619441489003BFF35 /* MovieCell.m in Sources */ = {isa = PBXBuildFile; fileRef = 9F37081419441489003BFF35 /* MovieCell.m */; };
		9F37081719441489003BFF35 /* MovieCell.xib in Resources */ = {isa = PBXBuildFile; fileRef = 9F37081519441489003BFF35 /* MovieCell.xib */; };
		9F370820194437EB003BFF35 /* movieDump.json in Resources */ = {isa = PBXBuildFile; fileRef = 9F37081F194437EB003BFF35 /* movieDump.json */; };
		9F94CF701946ECB20086C00D /* MovieModel.m in Sources */ = {isa = PBXBuildFile; fileRef = 9F94CF6F1946ECB20086C00D /* MovieModel.m */; };
		9FA4CB8219472BBB002B6450 /* tViewController.m in Sources */ = {isa = PBXBuildFile; fileRef = 9FA4CB8019472BBB002B6450 /* tViewController.m */; };
		9FA4CB8319472BBB002B6450 /* tViewController.xib in Resources */ = {isa = PBXBuildFile; fileRef = 9FA4CB8119472BBB002B6450 /* tViewController.xib */; };
		9FFEF60419446FC300CC3DFE /* MovieListViewController.m in Sources */ = {isa = PBXBuildFile; fileRef = 9FFEF60219446FC300CC3DFE /* MovieListViewController.m */; };
		9FFEF60519446FC300CC3DFE /* MovieListViewController.xib in Resources */ = {isa = PBXBuildFile; fileRef = 9FFEF60319446FC300CC3DFE /* MovieListViewController.xib */; };
/* End PBXBuildFile section */

/* Begin PBXContainerItemProxy section */
		9F3707F01943E5A8003BFF35 /* PBXContainerItemProxy */ = {
			isa = PBXContainerItemProxy;
			containerPortal = 9F3707C81943E5A8003BFF35 /* Project object */;
			proxyType = 1;
			remoteGlobalIDString = 9F3707CF1943E5A8003BFF35;
			remoteInfo = RottenTomatoes;
		};
/* End PBXContainerItemProxy section */

/* Begin PBXFileReference section */
		5FEAF84A2F544C328991B4A6 /* libPods.a */ = {isa = PBXFileReference; explicitFileType = archive.ar; includeInIndex = 0; path = libPods.a; sourceTree = BUILT_PRODUCTS_DIR; };
		9F3707D01943E5A8003BFF35 /* RottenTomatoes.app */ = {isa = PBXFileReference; explicitFileType = wrapper.application; includeInIndex = 0; path = RottenTomatoes.app; sourceTree = BUILT_PRODUCTS_DIR; };
		9F3707D31943E5A8003BFF35 /* Foundation.framework */ = {isa = PBXFileReference; lastKnownFileType = wrapper.framework; name = Foundation.framework; path = System/Library/Frameworks/Foundation.framework; sourceTree = SDKROOT; };
		9F3707D51943E5A8003BFF35 /* CoreGraphics.framework */ = {isa = PBXFileReference; lastKnownFileType = wrapper.framework; name = CoreGraphics.framework; path = System/Library/Frameworks/CoreGraphics.framework; sourceTree = SDKROOT; };
		9F3707D71943E5A8003BFF35 /* UIKit.framework */ = {isa = PBXFileReference; lastKnownFileType = wrapper.framework; name = UIKit.framework; path = System/Library/Frameworks/UIKit.framework; sourceTree = SDKROOT; };
		9F3707DB1943E5A8003BFF35 /* RottenTomatoes-Info.plist */ = {isa = PBXFileReference; lastKnownFileType = text.plist.xml; path = "RottenTomatoes-Info.plist"; sourceTree = "<group>"; };
		9F3707DD1943E5A8003BFF35 /* en */ = {isa = PBXFileReference; lastKnownFileType = text.plist.strings; name = en; path = en.lproj/InfoPlist.strings; sourceTree = "<group>"; };
		9F3707DF1943E5A8003BFF35 /* main.m */ = {isa = PBXFileReference; lastKnownFileType = sourcecode.c.objc; path = main.m; sourceTree = "<group>"; };
		9F3707E11943E5A8003BFF35 /* RottenTomatoes-Prefix.pch */ = {isa = PBXFileReference; lastKnownFileType = sourcecode.c.h; path = "RottenTomatoes-Prefix.pch"; sourceTree = "<group>"; };
		9F3707E21943E5A8003BFF35 /* AppDelegate.h */ = {isa = PBXFileReference; lastKnownFileType = sourcecode.c.h; path = AppDelegate.h; sourceTree = "<group>"; };
		9F3707E31943E5A8003BFF35 /* AppDelegate.m */ = {isa = PBXFileReference; lastKnownFileType = sourcecode.c.objc; path = AppDelegate.m; sourceTree = "<group>"; };
		9F3707E51943E5A8003BFF35 /* Images.xcassets */ = {isa = PBXFileReference; lastKnownFileType = folder.assetcatalog; path = Images.xcassets; sourceTree = "<group>"; };
		9F3707EB1943E5A8003BFF35 /* RottenTomatoesTests.xctest */ = {isa = PBXFileReference; explicitFileType = wrapper.cfbundle; includeInIndex = 0; path = RottenTomatoesTests.xctest; sourceTree = BUILT_PRODUCTS_DIR; };
		9F3707EC1943E5A8003BFF35 /* XCTest.framework */ = {isa = PBXFileReference; lastKnownFileType = wrapper.framework; name = XCTest.framework; path = Library/Frameworks/XCTest.framework; sourceTree = DEVELOPER_DIR; };
		9F3707F41943E5A8003BFF35 /* RottenTomatoesTests-Info.plist */ = {isa = PBXFileReference; lastKnownFileType = text.plist.xml; path = "RottenTomatoesTests-Info.plist"; sourceTree = "<group>"; };
		9F3707F61943E5A8003BFF35 /* en */ = {isa = PBXFileReference; lastKnownFileType = text.plist.strings; name = en; path = en.lproj/InfoPlist.strings; sourceTree = "<group>"; };
		9F3707F81943E5A8003BFF35 /* RottenTomatoesTests.m */ = {isa = PBXFileReference; lastKnownFileType = sourcecode.c.objc; path = RottenTomatoesTests.m; sourceTree = "<group>"; };
		9F37080D1943F8C9003BFF35 /* MovieViewController.h */ = {isa = PBXFileReference; fileEncoding = 4; lastKnownFileType = sourcecode.c.h; path = MovieViewController.h; sourceTree = "<group>"; };
		9F37080E1943F8C9003BFF35 /* MovieViewController.m */ = {isa = PBXFileReference; fileEncoding = 4; lastKnownFileType = sourcecode.c.objc; path = MovieViewController.m; sourceTree = "<group>"; };
		9F37080F1943F8C9003BFF35 /* MovieViewController.xib */ = {isa = PBXFileReference; fileEncoding = 4; lastKnownFileType = file.xib; path = MovieViewController.xib; sourceTree = "<group>"; };
		9F37081319441489003BFF35 /* MovieCell.h */ = {isa = PBXFileReference; fileEncoding = 4; lastKnownFileType = sourcecode.c.h; path = MovieCell.h; sourceTree = "<group>"; };
		9F37081419441489003BFF35 /* MovieCell.m */ = {isa = PBXFileReference; fileEncoding = 4; lastKnownFileType = sourcecode.c.objc; path = MovieCell.m; sourceTree = "<group>"; };
		9F37081519441489003BFF35 /* MovieCell.xib */ = {isa = PBXFileReference; fileEncoding = 4; lastKnownFileType = file.xib; path = MovieCell.xib; sourceTree = "<group>"; };
		9F37081F194437EB003BFF35 /* movieDump.json */ = {isa = PBXFileReference; fileEncoding = 4; lastKnownFileType = text.json; path = movieDump.json; sourceTree = "<group>"; };
		9F94CF6E1946ECB20086C00D /* MovieModel.h */ = {isa = PBXFileReference; fileEncoding = 4; lastKnownFileType = sourcecode.c.h; path = MovieModel.h; sourceTree = "<group>"; };
		9F94CF6F1946ECB20086C00D /* MovieModel.m */ = {isa = PBXFileReference; fileEncoding = 4; lastKnownFileType = sourcecode.c.objc; path = MovieModel.m; sourceTree = "<group>"; };
		9FA4CB7F19472BBB002B6450 /* tViewController.h */ = {isa = PBXFileReference; fileEncoding = 4; lastKnownFileType = sourcecode.c.h; path = tViewController.h; sourceTree = "<group>"; };
		9FA4CB8019472BBB002B6450 /* tViewController.m */ = {isa = PBXFileReference; fileEncoding = 4; lastKnownFileType = sourcecode.c.objc; path = tViewController.m; sourceTree = "<group>"; };
		9FA4CB8119472BBB002B6450 /* tViewController.xib */ = {isa = PBXFileReference; fileEncoding = 4; lastKnownFileType = file.xib; path = tViewController.xib; sourceTree = "<group>"; };
		9FFEF60119446FC300CC3DFE /* MovieListViewController.h */ = {isa = PBXFileReference; fileEncoding = 4; lastKnownFileType = sourcecode.c.h; path = MovieListViewController.h; sourceTree = "<group>"; };
		9FFEF60219446FC300CC3DFE /* MovieListViewController.m */ = {isa = PBXFileReference; fileEncoding = 4; lastKnownFileType = sourcecode.c.objc; path = MovieListViewController.m; sourceTree = "<group>"; };
		9FFEF60319446FC300CC3DFE /* MovieListViewController.xib */ = {isa = PBXFileReference; fileEncoding = 4; lastKnownFileType = file.xib; path = MovieListViewController.xib; sourceTree = "<group>"; };
		A269DB13EC5549AC9BF2E179 /* Pods.xcconfig */ = {isa = PBXFileReference; includeInIndex = 1; lastKnownFileType = text.xcconfig; name = Pods.xcconfig; path = Pods/Pods.xcconfig; sourceTree = "<group>"; };
/* End PBXFileReference section */

/* Begin PBXFrameworksBuildPhase section */
		9F3707CD1943E5A8003BFF35 /* Frameworks */ = {
			isa = PBXFrameworksBuildPhase;
			buildActionMask = 2147483647;
			files = (
				9F3707D61943E5A8003BFF35 /* CoreGraphics.framework in Frameworks */,
				9F3707D81943E5A8003BFF35 /* UIKit.framework in Frameworks */,
				9F3707D41943E5A8003BFF35 /* Foundation.framework in Frameworks */,
				6267C6E1CFB54A4FBD10CBF0 /* libPods.a in Frameworks */,
			);
			runOnlyForDeploymentPostprocessing = 0;
		};
		9F3707E81943E5A8003BFF35 /* Frameworks */ = {
			isa = PBXFrameworksBuildPhase;
			buildActionMask = 2147483647;
			files = (
				9F3707ED1943E5A8003BFF35 /* XCTest.framework in Frameworks */,
				9F3707EF1943E5A8003BFF35 /* UIKit.framework in Frameworks */,
				9F3707EE1943E5A8003BFF35 /* Foundation.framework in Frameworks */,
			);
			runOnlyForDeploymentPostprocessing = 0;
		};
/* End PBXFrameworksBuildPhase section */

/* Begin PBXGroup section */
		9F3707C71943E5A8003BFF35 = {
			isa = PBXGroup;
			children = (
				9F3707D91943E5A8003BFF35 /* RottenTomatoes */,
				9F3707F21943E5A8003BFF35 /* RottenTomatoesTests */,
				9F3707D21943E5A8003BFF35 /* Frameworks */,
				9F3707D11943E5A8003BFF35 /* Products */,
				A269DB13EC5549AC9BF2E179 /* Pods.xcconfig */,
			);
			sourceTree = "<group>";
		};
		9F3707D11943E5A8003BFF35 /* Products */ = {
			isa = PBXGroup;
			children = (
				9F3707D01943E5A8003BFF35 /* RottenTomatoes.app */,
				9F3707EB1943E5A8003BFF35 /* RottenTomatoesTests.xctest */,
			);
			name = Products;
			sourceTree = "<group>";
		};
		9F3707D21943E5A8003BFF35 /* Frameworks */ = {
			isa = PBXGroup;
			children = (
				9F3707D31943E5A8003BFF35 /* Foundation.framework */,
				9F3707D51943E5A8003BFF35 /* CoreGraphics.framework */,
				9F3707D71943E5A8003BFF35 /* UIKit.framework */,
				9F3707EC1943E5A8003BFF35 /* XCTest.framework */,
				5FEAF84A2F544C328991B4A6 /* libPods.a */,
			);
			name = Frameworks;
			sourceTree = "<group>";
		};
		9F3707D91943E5A8003BFF35 /* RottenTomatoes */ = {
			isa = PBXGroup;
			children = (
				9F37081F194437EB003BFF35 /* movieDump.json */,
				9F37081E194437B2003BFF35 /* Mock Data */,
				9F37081819441508003BFF35 /* Models */,
				9F37081219441430003BFF35 /* Views */,
				9F3708021943E5EF003BFF35 /* View Controllers */,
				9F3707E21943E5A8003BFF35 /* AppDelegate.h */,
				9F3707E31943E5A8003BFF35 /* AppDelegate.m */,
				9F3707E51943E5A8003BFF35 /* Images.xcassets */,
				9F3707DA1943E5A8003BFF35 /* Supporting Files */,
			);
			path = RottenTomatoes;
			sourceTree = "<group>";
		};
		9F3707DA1943E5A8003BFF35 /* Supporting Files */ = {
			isa = PBXGroup;
			children = (
				9F3707DB1943E5A8003BFF35 /* RottenTomatoes-Info.plist */,
				9F3707DC1943E5A8003BFF35 /* InfoPlist.strings */,
				9F3707DF1943E5A8003BFF35 /* main.m */,
				9F3707E11943E5A8003BFF35 /* RottenTomatoes-Prefix.pch */,
			);
			name = "Supporting Files";
			sourceTree = "<group>";
		};
		9F3707F21943E5A8003BFF35 /* RottenTomatoesTests */ = {
			isa = PBXGroup;
			children = (
				9F3707F81943E5A8003BFF35 /* RottenTomatoesTests.m */,
				9F3707F31943E5A8003BFF35 /* Supporting Files */,
			);
			path = RottenTomatoesTests;
			sourceTree = "<group>";
		};
		9F3707F31943E5A8003BFF35 /* Supporting Files */ = {
			isa = PBXGroup;
			children = (
				9F3707F41943E5A8003BFF35 /* RottenTomatoesTests-Info.plist */,
				9F3707F51943E5A8003BFF35 /* InfoPlist.strings */,
			);
			name = "Supporting Files";
			sourceTree = "<group>";
		};
		9F3708021943E5EF003BFF35 /* View Controllers */ = {
			isa = PBXGroup;
			children = (
				9F37080D1943F8C9003BFF35 /* MovieViewController.h */,
				9F37080E1943F8C9003BFF35 /* MovieViewController.m */,
				9F37080F1943F8C9003BFF35 /* MovieViewController.xib */,
				9FFEF60119446FC300CC3DFE /* MovieListViewController.h */,
				9FFEF60219446FC300CC3DFE /* MovieListViewController.m */,
				9FFEF60319446FC300CC3DFE /* MovieListViewController.xib */,
				9FA4CB7F19472BBB002B6450 /* tViewController.h */,
				9FA4CB8019472BBB002B6450 /* tViewController.m */,
				9FA4CB8119472BBB002B6450 /* tViewController.xib */,
			);
			name = "View Controllers";
			sourceTree = "<group>";
		};
		9F37081219441430003BFF35 /* Views */ = {
			isa = PBXGroup;
			children = (
				9F37081319441489003BFF35 /* MovieCell.h */,
				9F37081419441489003BFF35 /* MovieCell.m */,
				9F37081519441489003BFF35 /* MovieCell.xib */,
			);
			name = Views;
			sourceTree = "<group>";
		};
		9F37081819441508003BFF35 /* Models */ = {
			isa = PBXGroup;
			children = (
				9F94CF6E1946ECB20086C00D /* MovieModel.h */,
				9F94CF6F1946ECB20086C00D /* MovieModel.m */,
			);
			name = Models;
			sourceTree = "<group>";
		};
		9F37081E194437B2003BFF35 /* Mock Data */ = {
			isa = PBXGroup;
			children = (
			);
			name = "Mock Data";
			sourceTree = "<group>";
		};
/* End PBXGroup section */

/* Begin PBXNativeTarget section */
		9F3707CF1943E5A8003BFF35 /* RottenTomatoes */ = {
			isa = PBXNativeTarget;
			buildConfigurationList = 9F3707FC1943E5A8003BFF35 /* Build configuration list for PBXNativeTarget "RottenTomatoes" */;
			buildPhases = (
				2C7EE4F14C0944C195CC6C42 /* Check Pods Manifest.lock */,
				9F3707CC1943E5A8003BFF35 /* Sources */,
				9F3707CD1943E5A8003BFF35 /* Frameworks */,
				9F3707CE1943E5A8003BFF35 /* Resources */,
				F0654C97BC4E43F690050FEC /* Copy Pods Resources */,
			);
			buildRules = (
			);
			dependencies = (
			);
			name = RottenTomatoes;
			productName = RottenTomatoes;
			productReference = 9F3707D01943E5A8003BFF35 /* RottenTomatoes.app */;
			productType = "com.apple.product-type.application";
		};
		9F3707EA1943E5A8003BFF35 /* RottenTomatoesTests */ = {
			isa = PBXNativeTarget;
			buildConfigurationList = 9F3707FF1943E5A8003BFF35 /* Build configuration list for PBXNativeTarget "RottenTomatoesTests" */;
			buildPhases = (
				9F3707E71943E5A8003BFF35 /* Sources */,
				9F3707E81943E5A8003BFF35 /* Frameworks */,
				9F3707E91943E5A8003BFF35 /* Resources */,
			);
			buildRules = (
			);
			dependencies = (
				9F3707F11943E5A8003BFF35 /* PBXTargetDependency */,
			);
			name = RottenTomatoesTests;
			productName = RottenTomatoesTests;
			productReference = 9F3707EB1943E5A8003BFF35 /* RottenTomatoesTests.xctest */;
			productType = "com.apple.product-type.bundle.unit-test";
		};
/* End PBXNativeTarget section */

/* Begin PBXProject section */
		9F3707C81943E5A8003BFF35 /* Project object */ = {
			isa = PBXProject;
			attributes = {
				LastUpgradeCheck = 0510;
				ORGANIZATIONNAME = "Sumit Savla";
				TargetAttributes = {
					9F3707EA1943E5A8003BFF35 = {
						TestTargetID = 9F3707CF1943E5A8003BFF35;
					};
				};
			};
			buildConfigurationList = 9F3707CB1943E5A8003BFF35 /* Build configuration list for PBXProject "RottenTomatoes" */;
			compatibilityVersion = "Xcode 3.2";
			developmentRegion = English;
			hasScannedForEncodings = 0;
			knownRegions = (
				en,
			);
			mainGroup = 9F3707C71943E5A8003BFF35;
			productRefGroup = 9F3707D11943E5A8003BFF35 /* Products */;
			projectDirPath = "";
			projectRoot = "";
			targets = (
				9F3707CF1943E5A8003BFF35 /* RottenTomatoes */,
				9F3707EA1943E5A8003BFF35 /* RottenTomatoesTests */,
			);
		};
/* End PBXProject section */

/* Begin PBXResourcesBuildPhase section */
		9F3707CE1943E5A8003BFF35 /* Resources */ = {
			isa = PBXResourcesBuildPhase;
			buildActionMask = 2147483647;
			files = (
				9FFEF60519446FC300CC3DFE /* MovieListViewController.xib in Resources */,
				9F370820194437EB003BFF35 /* movieDump.json in Resources */,
				9F3707DE1943E5A8003BFF35 /* InfoPlist.strings in Resources */,
				9F3707E61943E5A8003BFF35 /* Images.xcassets in Resources */,
				9F3708111943F8C9003BFF35 /* MovieViewController.xib in Resources */,
				9F37081719441489003BFF35 /* MovieCell.xib in Resources */,
				9FA4CB8319472BBB002B6450 /* tViewController.xib in Resources */,
			);
			runOnlyForDeploymentPostprocessing = 0;
		};
		9F3707E91943E5A8003BFF35 /* Resources */ = {
			isa = PBXResourcesBuildPhase;
			buildActionMask = 2147483647;
			files = (
				9F3707F71943E5A8003BFF35 /* InfoPlist.strings in Resources */,
			);
			runOnlyForDeploymentPostprocessing = 0;
		};
/* End PBXResourcesBuildPhase section */

/* Begin PBXShellScriptBuildPhase section */
		2C7EE4F14C0944C195CC6C42 /* Check Pods Manifest.lock */ = {
			isa = PBXShellScriptBuildPhase;
			buildActionMask = 2147483647;
			files = (
			);
			inputPaths = (
			);
			name = "Check Pods Manifest.lock";
			outputPaths = (
			);
			runOnlyForDeploymentPostprocessing = 0;
			shellPath = /bin/sh;
			shellScript = "diff \"${PODS_ROOT}/../Podfile.lock\" \"${PODS_ROOT}/Manifest.lock\" > /dev/null\nif [[ $? != 0 ]] ; then\n    cat << EOM\nerror: The sandbox is not in sync with the Podfile.lock. Run 'pod install' or update your CocoaPods installation.\nEOM\n    exit 1\nfi\n";
			showEnvVarsInLog = 0;
		};
		F0654C97BC4E43F690050FEC /* Copy Pods Resources */ = {
			isa = PBXShellScriptBuildPhase;
			buildActionMask = 2147483647;
			files = (
			);
			inputPaths = (
			);
			name = "Copy Pods Resources";
			outputPaths = (
			);
			runOnlyForDeploymentPostprocessing = 0;
			shellPath = /bin/sh;
			shellScript = "\"${SRCROOT}/Pods/Pods-resources.sh\"\n";
			showEnvVarsInLog = 0;
		};
/* End PBXShellScriptBuildPhase section */

/* Begin PBXSourcesBuildPhase section */
		9F3707CC1943E5A8003BFF35 /* Sources */ = {
			isa = PBXSourcesBuildPhase;
			buildActionMask = 2147483647;
			files = (
				9F37081619441489003BFF35 /* MovieCell.m in Sources */,
				9FA4CB8219472BBB002B6450 /* tViewController.m in Sources */,
				9F3707E41943E5A8003BFF35 /* AppDelegate.m in Sources */,
				9F94CF701946ECB20086C00D /* MovieModel.m in Sources */,
				9F3707E01943E5A8003BFF35 /* main.m in Sources */,
				9F3708101943F8C9003BFF35 /* MovieViewController.m in Sources */,
				9FFEF60419446FC300CC3DFE /* MovieListViewController.m in Sources */,
			);
			runOnlyForDeploymentPostprocessing = 0;
		};
		9F3707E71943E5A8003BFF35 /* Sources */ = {
			isa = PBXSourcesBuildPhase;
			buildActionMask = 2147483647;
			files = (
				9F3707F91943E5A8003BFF35 /* RottenTomatoesTests.m in Sources */,
			);
			runOnlyForDeploymentPostprocessing = 0;
		};
/* End PBXSourcesBuildPhase section */

/* Begin PBXTargetDependency section */
		9F3707F11943E5A8003BFF35 /* PBXTargetDependency */ = {
			isa = PBXTargetDependency;
			target = 9F3707CF1943E5A8003BFF35 /* RottenTomatoes */;
			targetProxy = 9F3707F01943E5A8003BFF35 /* PBXContainerItemProxy */;
		};
/* End PBXTargetDependency section */

/* Begin PBXVariantGroup section */
		9F3707DC1943E5A8003BFF35 /* InfoPlist.strings */ = {
			isa = PBXVariantGroup;
			children = (
				9F3707DD1943E5A8003BFF35 /* en */,
			);
			name = InfoPlist.strings;
			sourceTree = "<group>";
		};
		9F3707F51943E5A8003BFF35 /* InfoPlist.strings */ = {
			isa = PBXVariantGroup;
			children = (
				9F3707F61943E5A8003BFF35 /* en */,
			);
			name = InfoPlist.strings;
			sourceTree = "<group>";
		};
/* End PBXVariantGroup section */

/* Begin XCBuildConfiguration section */
		9F3707FA1943E5A8003BFF35 /* Debug */ = {
			isa = XCBuildConfiguration;
			buildSettings = {
				ALWAYS_SEARCH_USER_PATHS = NO;
				CLANG_CXX_LANGUAGE_STANDARD = "gnu++0x";
				CLANG_CXX_LIBRARY = "libc++";
				CLANG_ENABLE_MODULES = YES;
				CLANG_ENABLE_OBJC_ARC = YES;
				CLANG_WARN_BOOL_CONVERSION = YES;
				CLANG_WARN_CONSTANT_CONVERSION = YES;
				CLANG_WARN_DIRECT_OBJC_ISA_USAGE = YES_ERROR;
				CLANG_WARN_EMPTY_BODY = YES;
				CLANG_WARN_ENUM_CONVERSION = YES;
				CLANG_WARN_INT_CONVERSION = YES;
				CLANG_WARN_OBJC_ROOT_CLASS = YES_ERROR;
				CLANG_WARN__DUPLICATE_METHOD_MATCH = YES;
				"CODE_SIGN_IDENTITY[sdk=iphoneos*]" = "iPhone Developer";
				COPY_PHASE_STRIP = NO;
				GCC_C_LANGUAGE_STANDARD = gnu99;
				GCC_DYNAMIC_NO_PIC = NO;
				GCC_OPTIMIZATION_LEVEL = 0;
				GCC_PREPROCESSOR_DEFINITIONS = (
					"DEBUG=1",
					"$(inherited)",
				);
				GCC_SYMBOLS_PRIVATE_EXTERN = NO;
				GCC_WARN_64_TO_32_BIT_CONVERSION = YES;
				GCC_WARN_ABOUT_RETURN_TYPE = YES_ERROR;
				GCC_WARN_UNDECLARED_SELECTOR = YES;
				GCC_WARN_UNINITIALIZED_AUTOS = YES_AGGRESSIVE;
				GCC_WARN_UNUSED_FUNCTION = YES;
				GCC_WARN_UNUSED_VARIABLE = YES;
				IPHONEOS_DEPLOYMENT_TARGET = 7.1;
				ONLY_ACTIVE_ARCH = YES;
				SDKROOT = iphoneos;
			};
			name = Debug;
		};
		9F3707FB1943E5A8003BFF35 /* Release */ = {
			isa = XCBuildConfiguration;
			buildSettings = {
				ALWAYS_SEARCH_USER_PATHS = NO;
				CLANG_CXX_LANGUAGE_STANDARD = "gnu++0x";
				CLANG_CXX_LIBRARY = "libc++";
				CLANG_ENABLE_MODULES = YES;
				CLANG_ENABLE_OBJC_ARC = YES;
				CLANG_WARN_BOOL_CONVERSION = YES;
				CLANG_WARN_CONSTANT_CONVERSION = YES;
				CLANG_WARN_DIRECT_OBJC_ISA_USAGE = YES_ERROR;
				CLANG_WARN_EMPTY_BODY = YES;
				CLANG_WARN_ENUM_CONVERSION = YES;
				CLANG_WARN_INT_CONVERSION = YES;
				CLANG_WARN_OBJC_ROOT_CLASS = YES_ERROR;
				CLANG_WARN__DUPLICATE_METHOD_MATCH = YES;
				"CODE_SIGN_IDENTITY[sdk=iphoneos*]" = "iPhone Developer";
				COPY_PHASE_STRIP = YES;
				ENABLE_NS_ASSERTIONS = NO;
				GCC_C_LANGUAGE_STANDARD = gnu99;
				GCC_WARN_64_TO_32_BIT_CONVERSION = YES;
				GCC_WARN_ABOUT_RETURN_TYPE = YES_ERROR;
				GCC_WARN_UNDECLARED_SELECTOR = YES;
				GCC_WARN_UNINITIALIZED_AUTOS = YES_AGGRESSIVE;
				GCC_WARN_UNUSED_FUNCTION = YES;
				GCC_WARN_UNUSED_VARIABLE = YES;
				IPHONEOS_DEPLOYMENT_TARGET = 7.1;
				SDKROOT = iphoneos;
				VALIDATE_PRODUCT = YES;
			};
			name = Release;
		};
		9F3707FD1943E5A8003BFF35 /* Debug */ = {
			isa = XCBuildConfiguration;
			baseConfigurationReference = A269DB13EC5549AC9BF2E179 /* Pods.xcconfig */;
			buildSettings = {
				ASSETCATALOG_COMPILER_APPICON_NAME = AppIcon;
				ASSETCATALOG_COMPILER_LAUNCHIMAGE_NAME = LaunchImage;
				GCC_PRECOMPILE_PREFIX_HEADER = YES;
				GCC_PREFIX_HEADER = "RottenTomatoes/RottenTomatoes-Prefix.pch";
				INFOPLIST_FILE = "RottenTomatoes/RottenTomatoes-Info.plist";
				PRODUCT_NAME = "$(TARGET_NAME)";
				WRAPPER_EXTENSION = app;
			};
			name = Debug;
		};
		9F3707FE1943E5A8003BFF35 /* Release */ = {
			isa = XCBuildConfiguration;
			baseConfigurationReference = A269DB13EC5549AC9BF2E179 /* Pods.xcconfig */;
			buildSettings = {
				ASSETCATALOG_COMPILER_APPICON_NAME = AppIcon;
				ASSETCATALOG_COMPILER_LAUNCHIMAGE_NAME = LaunchImage;
				GCC_PRECOMPILE_PREFIX_HEADER = YES;
				GCC_PREFIX_HEADER = "RottenTomatoes/RottenTomatoes-Prefix.pch";
				INFOPLIST_FILE = "RottenTomatoes/RottenTomatoes-Info.plist";
				PRODUCT_NAME = "$(TARGET_NAME)";
				WRAPPER_EXTENSION = app;
			};
			name = Release;
		};
		9F3708001943E5A8003BFF35 /* Debug */ = {
			isa = XCBuildConfiguration;
			buildSettings = {
				BUNDLE_LOADER = "$(BUILT_PRODUCTS_DIR)/RottenTomatoes.app/RottenTomatoes";
				FRAMEWORK_SEARCH_PATHS = (
					"$(SDKROOT)/Developer/Library/Frameworks",
					"$(inherited)",
					"$(DEVELOPER_FRAMEWORKS_DIR)",
				);
				GCC_PRECOMPILE_PREFIX_HEADER = YES;
				GCC_PREFIX_HEADER = "RottenTomatoes/RottenTomatoes-Prefix.pch";
				GCC_PREPROCESSOR_DEFINITIONS = (
					"DEBUG=1",
					"$(inherited)",
				);
				INFOPLIST_FILE = "RottenTomatoesTests/RottenTomatoesTests-Info.plist";
				PRODUCT_NAME = "$(TARGET_NAME)";
				TEST_HOST = "$(BUNDLE_LOADER)";
				WRAPPER_EXTENSION = xctest;
			};
			name = Debug;
		};
		9F3708011943E5A8003BFF35 /* Release */ = {
			isa = XCBuildConfiguration;
			buildSettings = {
				BUNDLE_LOADER = "$(BUILT_PRODUCTS_DIR)/RottenTomatoes.app/RottenTomatoes";
				FRAMEWORK_SEARCH_PATHS = (
					"$(SDKROOT)/Developer/Library/Frameworks",
					"$(inherited)",
					"$(DEVELOPER_FRAMEWORKS_DIR)",
				);
				GCC_PRECOMPILE_PREFIX_HEADER = YES;
				GCC_PREFIX_HEADER = "RottenTomatoes/RottenTomatoes-Prefix.pch";
				INFOPLIST_FILE = "RottenTomatoesTests/RottenTomatoesTests-Info.plist";
				PRODUCT_NAME = "$(TARGET_NAME)";
				TEST_HOST = "$(BUNDLE_LOADER)";
				WRAPPER_EXTENSION = xctest;
			};
			name = Release;
		};
/* End XCBuildConfiguration section */

/* Begin XCConfigurationList section */
		9F3707CB1943E5A8003BFF35 /* Build configuration list for PBXProject "RottenTomatoes" */ = {
			isa = XCConfigurationList;
			buildConfigurations = (
				9F3707FA1943E5A8003BFF35 /* Debug */,
				9F3707FB1943E5A8003BFF35 /* Release */,
			);
			defaultConfigurationIsVisible = 0;
			defaultConfigurationName = Release;
		};
		9F3707FC1943E5A8003BFF35 /* Build configuration list for PBXNativeTarget "RottenTomatoes" */ = {
			isa = XCConfigurationList;
			buildConfigurations = (
				9F3707FD1943E5A8003BFF35 /* Debug */,
				9F3707FE1943E5A8003BFF35 /* Release */,
			);
			defaultConfigurationIsVisible = 0;
			defaultConfigurationName = Release;
		};
		9F3707FF1943E5A8003BFF35 /* Build configuration list for PBXNativeTarget "RottenTomatoesTests" */ = {
			isa = XCConfigurationList;
			buildConfigurations = (
				9F3708001943E5A8003BFF35 /* Debug */,
				9F3708011943E5A8003BFF35 /* Release */,
			);
			defaultConfigurationIsVisible = 0;
			defaultConfigurationName = Release;
		};
/* End XCConfigurationList section */
	};
	rootObject = 9F3707C81943E5A8003BFF35 /* Project object */;
}
